
Microsoft Visual Studio Solution File, Format Version 12.00
# Visual Studio Version 17
VisualStudioVersion = 17.8.34309.116
MinimumVisualStudioVersion = 10.0.40219.1
Project("{FAE04EC0-301F-11D3-BF4B-00C04F79EFBC}") = "ManagerBar", "ManagerBar\ManagerBar.csproj", "{F1B7BEDE-3705-4C29-BAEE-2FD3BB7B864D}"
EndProject
Global
	GlobalSection(SolutionConfigurationPlatforms) = preSolution
		Debug|Any CPU = Debug|Any CPU
		Release|Any CPU = Release|Any CPU
	EndGlobalSection
	GlobalSection(ProjectConfigurationPlatforms) = postSolution
		{F1B7BEDE-3705-4C29-BAEE-2FD3BB7B864D}.Debug|Any CPU.ActiveCfg = Debug|Any CPU
		{F1B7BEDE-3705-4C29-BAEE-2FD3BB7B864D}.Debug|Any CPU.Build.0 = Debug|Any CPU
		{F1B7BEDE-3705-4C29-BAEE-2FD3BB7B864D}.Release|Any CPU.ActiveCfg = Release|Any CPU
		{F1B7BEDE-3705-4C29-BAEE-2FD3BB7B864D}.Release|Any CPU.Build.0 = Release|Any CPU
	EndGlobalSection
	GlobalSection(SolutionProperties) = preSolution
		HideSolutionNode = FALSE
	EndGlobalSection
	GlobalSection(ExtensibilityGlobals) = postSolution
		SolutionGuid = {4CEB07F2-F872-4F89-A21E-0A984A071D98}
	EndGlobalSection
EndGlobal
